
Microsoft Visual Studio Solution File, Format Version 12.00
# Visual Studio 2012
Project("{FAE04EC0-301F-11D3-BF4B-00C04F79EFBC}") = "Validation", "Validation\Validation.csproj", "{509C0485-929A-44A5-8919-962DCE66C363}"
EndProject
Project("{FAE04EC0-301F-11D3-BF4B-00C04F79EFBC}") = "UnitTests", "UnitTests\UnitTests.csproj", "{2B300CA7-BE56-4F86-B4E9-CC87DD25A945}"
EndProject
Global
	GlobalSection(SolutionConfigurationPlatforms) = preSolution
		Debug|Any CPU = Debug|Any CPU
		Release|Any CPU = Release|Any CPU
	EndGlobalSection
	GlobalSection(ProjectConfigurationPlatforms) = postSolution
		{509C0485-929A-44A5-8919-962DCE66C363}.Debug|Any CPU.ActiveCfg = Debug|Any CPU
		{509C0485-929A-44A5-8919-962DCE66C363}.Debug|Any CPU.Build.0 = Debug|Any CPU
		{509C0485-929A-44A5-8919-962DCE66C363}.Release|Any CPU.ActiveCfg = Release|Any CPU
		{509C0485-929A-44A5-8919-962DCE66C363}.Release|Any CPU.Build.0 = Release|Any CPU
		{2B300CA7-BE56-4F86-B4E9-CC87DD25A945}.Debug|Any CPU.ActiveCfg = Debug|Any CPU
		{2B300CA7-BE56-4F86-B4E9-CC87DD25A945}.Debug|Any CPU.Build.0 = Debug|Any CPU
		{2B300CA7-BE56-4F86-B4E9-CC87DD25A945}.Release|Any CPU.ActiveCfg = Release|Any CPU
		{2B300CA7-BE56-4F86-B4E9-CC87DD25A945}.Release|Any CPU.Build.0 = Release|Any CPU
	EndGlobalSection
	GlobalSection(SolutionProperties) = preSolution
		HideSolutionNode = FALSE
	EndGlobalSection
EndGlobal
